
Microsoft Visual Studio Solution File, Format Version 12.00
# Visual Studio Version 16
VisualStudioVersion = 16.0.28803.202
MinimumVisualStudioVersion = 10.0.40219.1
Project("{00D1A9C2-B5F0-4AF3-8072-F6C62B433612}") = "mssqlexec_db", "mssqlexec_db\mssqlexec_db.sqlproj", "{4CF1687D-6B94-4FE3-9996-3BACCB4A7FA7}"
EndProject
Project("{FAE04EC0-301F-11D3-BF4B-00C04F79EFBC}") = "mssqlexec_web", "mssqlexec_web\mssqlexec_web.csproj", "{8E9DA35C-18FC-4951-A367-65901B595C70}"
EndProject
Global
	GlobalSection(SolutionConfigurationPlatforms) = preSolution
		Debug|Any CPU = Debug|Any CPU
		Release|Any CPU = Release|Any CPU
	EndGlobalSection
	GlobalSection(ProjectConfigurationPlatforms) = postSolution
		{4CF1687D-6B94-4FE3-9996-3BACCB4A7FA7}.Debug|Any CPU.ActiveCfg = Debug|Any CPU
		{4CF1687D-6B94-4FE3-9996-3BACCB4A7FA7}.Debug|Any CPU.Build.0 = Debug|Any CPU
		{4CF1687D-6B94-4FE3-9996-3BACCB4A7FA7}.Debug|Any CPU.Deploy.0 = Debug|Any CPU
		{4CF1687D-6B94-4FE3-9996-3BACCB4A7FA7}.Release|Any CPU.ActiveCfg = Release|Any CPU
		{4CF1687D-6B94-4FE3-9996-3BACCB4A7FA7}.Release|Any CPU.Build.0 = Release|Any CPU
		{4CF1687D-6B94-4FE3-9996-3BACCB4A7FA7}.Release|Any CPU.Deploy.0 = Release|Any CPU
		{8E9DA35C-18FC-4951-A367-65901B595C70}.Debug|Any CPU.ActiveCfg = Debug|Any CPU
		{8E9DA35C-18FC-4951-A367-65901B595C70}.Debug|Any CPU.Build.0 = Debug|Any CPU
		{8E9DA35C-18FC-4951-A367-65901B595C70}.Release|Any CPU.ActiveCfg = Release|Any CPU
		{8E9DA35C-18FC-4951-A367-65901B595C70}.Release|Any CPU.Build.0 = Release|Any CPU
	EndGlobalSection
	GlobalSection(SolutionProperties) = preSolution
		HideSolutionNode = FALSE
	EndGlobalSection
	GlobalSection(ExtensibilityGlobals) = postSolution
		SolutionGuid = {09493E1B-5800-4D17-B244-D818497D7403}
	EndGlobalSection
EndGlobal
